
Microsoft Visual Studio Solution File, Format Version 12.00
# Visual Studio Version 16
VisualStudioVersion = 16.0.33027.164
MinimumVisualStudioVersion = 10.0.40219.1
Project("{FAE04EC0-301F-11D3-BF4B-00C04F79EFBC}") = "algoritmicaprogramare27", "algoritmicaprogramare27\algoritmicaprogramare27.csproj", "{84B6C4A9-DB3D-4FA8-ADE0-E3C489276582}"
EndProject
Global
	GlobalSection(SolutionConfigurationPlatforms) = preSolution
		Debug|Any CPU = Debug|Any CPU
		Release|Any CPU = Release|Any CPU
	EndGlobalSection
	GlobalSection(ProjectConfigurationPlatforms) = postSolution
		{84B6C4A9-DB3D-4FA8-ADE0-E3C489276582}.Debug|Any CPU.ActiveCfg = Debug|Any CPU
		{84B6C4A9-DB3D-4FA8-ADE0-E3C489276582}.Debug|Any CPU.Build.0 = Debug|Any CPU
		{84B6C4A9-DB3D-4FA8-ADE0-E3C489276582}.Release|Any CPU.ActiveCfg = Release|Any CPU
		{84B6C4A9-DB3D-4FA8-ADE0-E3C489276582}.Release|Any CPU.Build.0 = Release|Any CPU
	EndGlobalSection
	GlobalSection(SolutionProperties) = preSolution
		HideSolutionNode = FALSE
	EndGlobalSection
	GlobalSection(ExtensibilityGlobals) = postSolution
		SolutionGuid = {E46ACE36-B3EB-4EBD-B24C-2BFBECB42C29}
	EndGlobalSection
EndGlobal
